
Microsoft Visual Studio Solution File, Format Version 12.00
# Visual Studio 15
VisualStudioVersion = 15.0.28010.2041
MinimumVisualStudioVersion = 10.0.40219.1
Project("{182E2583-ECAD-465B-BB50-91101D7C24CE}") = "GovPostcodes", "GovPostcodes\GovPostcodes.usqlproj", "{F919D9E1-3A1A-40AF-AA4A-4C53E9D4B85A}"
EndProject
Global
	GlobalSection(SolutionConfigurationPlatforms) = preSolution
		Debug|Any CPU = Debug|Any CPU
		Debug|x64 = Debug|x64
		Debug|x86 = Debug|x86
		Release|Any CPU = Release|Any CPU
		Release|x64 = Release|x64
		Release|x86 = Release|x86
	EndGlobalSection
	GlobalSection(ProjectConfigurationPlatforms) = postSolution
		{F919D9E1-3A1A-40AF-AA4A-4C53E9D4B85A}.Debug|Any CPU.ActiveCfg = Debug|Any CPU
		{F919D9E1-3A1A-40AF-AA4A-4C53E9D4B85A}.Debug|Any CPU.Build.0 = Debug|Any CPU
		{F919D9E1-3A1A-40AF-AA4A-4C53E9D4B85A}.Debug|x64.ActiveCfg = Debug|x64
		{F919D9E1-3A1A-40AF-AA4A-4C53E9D4B85A}.Debug|x64.Build.0 = Debug|x64
		{F919D9E1-3A1A-40AF-AA4A-4C53E9D4B85A}.Debug|x86.ActiveCfg = Debug|x86
		{F919D9E1-3A1A-40AF-AA4A-4C53E9D4B85A}.Debug|x86.Build.0 = Debug|x86
		{F919D9E1-3A1A-40AF-AA4A-4C53E9D4B85A}.Release|Any CPU.ActiveCfg = Release|Any CPU
		{F919D9E1-3A1A-40AF-AA4A-4C53E9D4B85A}.Release|Any CPU.Build.0 = Release|Any CPU
		{F919D9E1-3A1A-40AF-AA4A-4C53E9D4B85A}.Release|x64.ActiveCfg = Release|x64
		{F919D9E1-3A1A-40AF-AA4A-4C53E9D4B85A}.Release|x64.Build.0 = Release|x64
		{F919D9E1-3A1A-40AF-AA4A-4C53E9D4B85A}.Release|x86.ActiveCfg = Release|x86
		{F919D9E1-3A1A-40AF-AA4A-4C53E9D4B85A}.Release|x86.Build.0 = Release|x86
	EndGlobalSection
	GlobalSection(SolutionProperties) = preSolution
		HideSolutionNode = FALSE
	EndGlobalSection
	GlobalSection(ExtensibilityGlobals) = postSolution
		SolutionGuid = {5E8DB9F5-EAE3-4A33-A424-8333CEFA8AF2}
	EndGlobalSection
EndGlobal
